# THIS IS AN AUTOGENERATED FILE. DO NOT EDIT THIS FILE DIRECTLY.
# yarn lockfile v1


medium-zoom@^1.0.4:
  version "1.0.4"
  resolved "https://registry.yarnpkg.com/medium-zoom/-/medium-zoom-1.0.4.tgz#b1063093f81151a19989489589edf28e6090630c"
  integrity sha512-BjE+00gQku3XQfgHDcqyYwQaBtFddzh6Lnj1RZOliqJ9HS0mh/P2IaqVJ25/j9EbnjAUf27mLeLZBRxnd00bfA==
