# THIS IS AN AUTOGENERATED FILE. DO NOT EDIT THIS FILE DIRECTLY.
# yarn lockfile v1


"@vuepress/plugin-medium-zoom@^1.0.0-rc.1":
  version "1.0.0-rc.1"
  resolved "https://registry.yarnpkg.com/@vuepress/plugin-medium-zoom/-/plugin-medium-zoom-1.0.0-rc.1.tgz#78b81aad55621cf192667421eb73497cfe265068"
  integrity sha512-yjMtzat6SUIsXHEjPn2xDYDqBdvRjJ9sZamBMAlodc95+P4BOce/VB6Q9VJeoCQ+Y7EW6hqisM8bQxluRWfbtA==
  dependencies:
    medium-zoom "^0.4.0"

medium-zoom@^0.4.0:
  version "0.4.0"
  resolved "https://registry.yarnpkg.com/medium-zoom/-/medium-zoom-0.4.0.tgz#8e13c9b754903c0c903220611af0d3cd373a4222"
  integrity sha512-0z7yMfd6I1BTCAa8QaR4cp5AqDkQD571GzhHIbbfefKEssGLSvs+4Xai/itOAncm4FBlF5gUoMQ22yW9/f8Sig==

moment@^2.24.0:
  version "2.24.0"
  resolved "https://registry.yarnpkg.com/moment/-/moment-2.24.0.tgz#0d055d53f5052aa653c9f6eb68bb5d12bf5c2b5b"
  integrity sha512-bV7f+6l2QigeBBZSM/6yTNq4P2fNpSWj/0e7jQcy87A8e7o2nAfP/34/2ky5Vw4B9S446EtIhodAzkFCcR4dQg==
